{
    "_meta": {
        "hash": {
            "sha256": "5a9b11ab2d307e77c506939879bdfe544080bd487e26beee33fc45826ad0c68b"
        },
        "pipfile-spec": 6,
        "requires": {
            "python_version": "3.6"
        },
        "sources": [
            {
                "name": "pypi",
                "url": "https://pypi.python.org/simple",
                "verify_ssl": true
            },
            {
                "name": "onet_pypi",
                "url": "http://pypi-repo.onet/simple",
                "verify_ssl": false
            },
            {
                "name": "onet_pypi_mirror",
                "url": "http://pypi-mirror.onet/simple",
                "verify_ssl": false
            }
        ]
    },
    "default": {
        "aiofiles": {
            "hashes": [
                "sha256:25c66ea3872d05d53292a6b3f7fa0f86691512076446d83a505d227b5e76f668",
                "sha256:852a493a877b73e11823bfd4e8e5ef2610d70d12c9eaed961bcd9124d8de8c10"
            ],
            "version": "==0.3.2"
        },
        "aiohttp": {
            "hashes": [
                "sha256:41f5b1ce439db446f18d0f882ecbb65c19bd03edfa53ee92e21e87b788167ef6",
                "sha256:4f506a35e49cac5bbcc9f10fe4abe3c4ac5294790f4aba117d3c16b573ecfb56",
                "sha256:7241ef86003b5e69d4916361f083a77f682cd6070b328358bbb2bf3a90ab5347",
                "sha256:72e8a0f26305628d54d7984489261d7ff52f3bd337d43ff2f11b011361265d55",
                "sha256:7cbf6380acd7b851d6abbeb722492f043eba11dc041520b17b40bd18dc358185",
                "sha256:990767e6ce98d58b3ff748975592e8c64d26748b7a8791bb194d3e28a3532e1a",
                "sha256:acef6d4f06c036f4633440abae07064a4fd46de09b7b8c385697036ba3c706a3",
                "sha256:b0ae6e6392a85a3dde72e158ae375f01d58410c5bfdbe0547cafc93e1b7318ff",
                "sha256:b510eae1a8cb70064f7b274793cd77874634a60158a1588a4a970dfe7dfdaf2e",
                "sha256:c217970cba1904211c387cc6ea07c3eff31287f2ff26c27b418dc0d0320f9da1",
                "sha256:f986bd51fc80b42b880d5579f47ef4f5ec8ef37cf7a799b6a8b61fab1b88d2cd"
            ],
            "version": "==3.0.0"
        },
        "aiohttp-jinja2": {
            "hashes": [
                "sha256:8139c63fe989e140dceae378440680258dfb72f3301c79173945245299d795e6",
                "sha256:ad07d092886fe150910aee048eb5616f85d9f77345a860764bdfedecf24211bf"
            ],
            "version": "==0.17.0"
        },
        "aiohttp-jsonrpc": {
            "hashes": [
                "sha256:26ad38f1d48cdbe1e4c3e70e4a345c45e5b559b8c2c31bc87c94b89249930283"
            ],
            "version": "==0.1.0"
        },
        "asn1crypto": {
            "hashes": [
                "sha256:2f1adbb7546ed199e3c90ef23ec95c5cf3585bac7d11fb7eb562a3fe89c64e87",
                "sha256:9d5c20441baf0cb60a4ac34cc447c6c189024b6b4c6cd7877034f4965c464e49"
            ],
            "version": "==0.24.0"
        },
        "async-timeout": {
            "hashes": [
                "sha256:00cff4d2dce744607335cba84e9929c3165632da2d27970dbc55802a0c7873d0",
                "sha256:9093db5b8ddbe4b8f6885d1a6e0ad84ae3155464cbf6877c387605244c285f3c"
            ],
            "version": "==2.0.1"
        },
        "asyncpg": {
            "hashes": [
                "sha256:02e649095049356cf40badb74fb682943fc05d5fa51c6a7d8695787654e095db",
                "sha256:20299847f10aa50deb47dcaec7a7903bdd13729c85c5a8a00462eef735e30691",
                "sha256:292d9827f9db1acb681c5aabc9df02c5bf6cf58dfd733b3319d37451cb67c86b",
                "sha256:455d19f5efb37aa281ad5162efd981d791504b76257a9dc732c548ddfb89ccd2",
                "sha256:491ef1b6c7fc2cd054b937cbe836022d140ae920e68f39b90d78efc992631b97",
                "sha256:51dc680dc19d226bd42359ecd373e8003bb84f5130633fac1dbf6094344a6583",
                "sha256:6227c47ad43f4ead2fada7ed5643c41c27fe9a9ebf61df30d4ed8ecdca4b0f89",
                "sha256:6c375ba41b98b775fee348436b72ed4170a6f9f7dd960f425b56601af63c00e7",
                "sha256:83d7759993d36bc7a99509acbafd26a77d0a910d333e5e8ed5e43a5552a4ed15",
                "sha256:99e8cc315f4c5592b9758064489a510b4660b354c302aaa0a8616af93195c1e5",
                "sha256:c3ae6c33de0e0011b7b3b4f61273c5be046a623e8e6546e7c7c8c08079fb7c8b"
            ],
            "index": "pypi",
            "version": "==0.15.0"
        },
        "attrs": {
            "hashes": [
                "sha256:1c7960ccfd6a005cd9f7ba884e6316b5e430a3f1a6c37c5f87d8b43f83b54ec9",
                "sha256:a17a9573a6f475c99b551c0e0a812707ddda1ec9653bed04c13841404ed6f450"
            ],
            "version": "==17.4.0"
        },
        "babel": {
            "hashes": [
                "sha256:8ce4cb6fdd4393edd323227cba3a077bceb2a6ce5201c902c65e730046f41f14",
                "sha256:ad209a68d7162c4cff4b29cdebe3dec4cef75492df501b0049a9433c96ce6f80"
            ],
            "version": "==2.5.3"
        },
        "bidict": {
            "hashes": [
                "sha256:3f6ec9df779b919fcf8998be8955ade9c4337df04d215a0a0e4296f66e70eac9"
            ],
            "version": "==0.14.2"
        },
        "certifi": {
            "hashes": [
                "sha256:14131608ad2fd56836d33a71ee60fa1c82bc9d2c8d98b7bdbc631fe1b3cd1296",
                "sha256:edbc3f203427eef571f79a7692bb160a2b0f7ccaa31953e99bd17e307cf63f7d"
            ],
            "version": "==2018.1.18"
        },
        "cffi": {
            "hashes": [
                "sha256:151b7eefd035c56b2b2e1eb9963c90c6302dc15fbd8c1c0a83a163ff2c7d7743",
                "sha256:1553d1e99f035ace1c0544050622b7bc963374a00c467edafac50ad7bd276aef",
                "sha256:1b0493c091a1898f1136e3f4f991a784437fac3673780ff9de3bcf46c80b6b50",
                "sha256:2ba8a45822b7aee805ab49abfe7eec16b90587f7f26df20c71dd89e45a97076f",
                "sha256:3c85641778460581c42924384f5e68076d724ceac0f267d66c757f7535069c93",
                "sha256:3eb6434197633b7748cea30bf0ba9f66727cdce45117a712b29a443943733257",
                "sha256:4c91af6e967c2015729d3e69c2e51d92f9898c330d6a851bf8f121236f3defd3",
                "sha256:770f3782b31f50b68627e22f91cb182c48c47c02eb405fd689472aa7b7aa16dc",
                "sha256:79f9b6f7c46ae1f8ded75f68cf8ad50e5729ed4d590c74840471fc2823457d04",
                "sha256:7a33145e04d44ce95bcd71e522b478d282ad0eafaf34fe1ec5bbd73e662f22b6",
                "sha256:857959354ae3a6fa3da6651b966d13b0a8bed6bbc87a0de7b38a549db1d2a359",
                "sha256:87f37fe5130574ff76c17cab61e7d2538a16f843bb7bca8ebbc4b12de3078596",
                "sha256:95d5251e4b5ca00061f9d9f3d6fe537247e145a8524ae9fd30a2f8fbce993b5b",
                "sha256:9d1d3e63a4afdc29bd76ce6aa9d58c771cd1599fbba8cf5057e7860b203710dd",
                "sha256:a36c5c154f9d42ec176e6e620cb0dd275744aa1d804786a71ac37dc3661a5e95",
                "sha256:ae5e35a2c189d397b91034642cb0eab0e346f776ec2eb44a49a459e6615d6e2e",
                "sha256:b0f7d4a3df8f06cf49f9f121bead236e328074de6449866515cea4907bbc63d6",
                "sha256:b75110fb114fa366b29a027d0c9be3709579602ae111ff61674d28c93606acca",
                "sha256:ba5e697569f84b13640c9e193170e89c13c6244c24400fc57e88724ef610cd31",
                "sha256:be2a9b390f77fd7676d80bc3cdc4f8edb940d8c198ed2d8c0be1319018c778e1",
                "sha256:d5d8555d9bfc3f02385c1c37e9f998e2011f0db4f90e250e5bc0c0a85a813085",
                "sha256:e55e22ac0a30023426564b1059b035973ec82186ddddbac867078435801c7801",
                "sha256:e90f17980e6ab0f3c2f3730e56d1fe9bcba1891eeea58966e89d352492cc74f4",
                "sha256:ecbb7b01409e9b782df5ded849c178a0aa7c906cf8c5a67368047daab282b184",
                "sha256:ed01918d545a38998bfa5902c7c00e0fee90e957ce036a4000a88e3fe2264917",
                "sha256:edabd457cd23a02965166026fd9bfd196f4324fe6032e866d0f3bd0301cd486f",
                "sha256:fdf1c1dc5bafc32bc5d08b054f94d659422b05aba244d6be4ddc1c72d9aa70fb"
            ],
            "markers": "platform_python_implementation != 'PyPy'",
            "version": "==1.11.5"
        },
        "chardet": {
            "hashes": [
                "sha256:84ab92ed1c4d4f16916e05906b6b75a6c0fb5db821cc65e70cbd64a3e2a5eaae",
                "sha256:fc323ffcaeaed0e0a02bf4d117757b98aed530d9ed4531e3e15460124c106691"
            ],
            "version": "==3.0.4"
        },
        "cryptography": {
            "hashes": [
                "sha256:0d39a93cf25edeae1f796bbc5960e587f34513a852564f6345ea4491a86c5997",
                "sha256:18d0b0fc21f39b35ea469a82584f55eeecec1f65a92d85af712c425bdef627b3",
                "sha256:27a208b9600166976182351174948e128818e7fc95cbdba18143f3106a211546",
                "sha256:28e4e9a97713aa47b5ef9c5003def2eb58aec89781ef3ef82b1c2916a8b0639b",
                "sha256:2cfcee8829c5dec55597826d52c26bc26e7ce39adb4771584459d0636b0b7108",
                "sha256:33b564196dcd563e309a0b07444e31611368afe3a3822160c046f5e4c3b5cdd7",
                "sha256:41f94194ae78f83fd94ca94fb8ad65f92210a76a2421169ffa5c33c3ec7605f4",
                "sha256:4f385ee7d39ee1ed74f1d6b1da03d0734ea82855a7b28a9e6e88c4091bc58664",
                "sha256:55555d784cfdf9033e81f044c0df04babed2aa141213765d960d233b0139e353",
                "sha256:69285f5615507b6625f89ea1048addd1d9218585fb886eb90bdebb1d2b2d26f5",
                "sha256:6cb1224da391fa90f1be524eafb375b62baf8d3df9690b32e8cc475ccfccee5e",
                "sha256:6fb22f63e17813f3d1d8e30dd1e249e2c34233ba1d3de977fd31cb5db764c7d0",
                "sha256:7a2409f1564c84bcf2563d379c9b6148c5bc6b0ae46e109f6a7b4bebadf551df",
                "sha256:8487524a1212223ca6dc7e2c8913024618f7ff29855c98869088e3818d5f6733",
                "sha256:9a2945efcff84830c8e237ab037d0269380d75d400a89cc9e5628e52647e21be",
                "sha256:9a47a80f65f4feaaf8415a40c339806c7d7d867152ddccc6ca87f707c8b7b565",
                "sha256:a3c180d12ffb1d8ee5b33a514a5bcb2a9cc06cc89aa74038015591170c82f55d",
                "sha256:a5f2c681fd040ed648513939a1dd2242af19bd5e9e79e53b6dcfa33bdae61217",
                "sha256:b984523d28737e373c7c35c8b6db6001537609d47534892de189bebebaa42a47",
                "sha256:d18df9cf3f3212df28d445ea82ce702c4d7a35817ef7a38ee38879ffa8f7e857",
                "sha256:e4d967371c5b6b2e67855066471d844c5d52d210c36c28d49a8507b96e2c5291",
                "sha256:ee245f185fae723133511e2450be08a66c2eebb53ad27c0c19b228029f4748a5",
                "sha256:fc2208d95d9ecc8032f5e38330d5ace2e3b0b998e42b08c30c35b2ab3a4a3bc8"
            ],
            "version": "==2.1.4"
        },
        "debtcollector": {
            "hashes": [
                "sha256:4e90683553a6bb68d10a29b42c5df90d0e83d5085ff1ac2970c91314acdf8719",
                "sha256:bd7f1f538a3a6810c845631dfcdae0ccbb34d897cb527aa1e9ee0c2c01f28229"
            ],
            "version": "==1.19.0"
        },
        "idna": {
            "hashes": [
                "sha256:2c6a5de3089009e3da7c5dde64a141dbc8551d5b7f6cf4ed7c2568d0cc520a8f",
                "sha256:8c7309c718f94b3a625cb648ace320157ad16ff131ae0af362c9f21b80ef6ec4"
            ],
            "version": "==2.6"
        },
        "idna-ssl": {
            "hashes": [
                "sha256:1293f030bc608e9aa9cdee72aa93c1521bbb9c7698068c61c9ada6772162b979"
            ],
            "version": "==1.0.1"
        },
        "iso8601": {
            "hashes": [
                "sha256:210e0134677cc0d02f6028087fee1df1e1d76d372ee1db0bf30bf66c5c1c89a3",
                "sha256:49c4b20e1f38aa5cf109ddcd39647ac419f928512c869dc01d5c7098eddede82",
                "sha256:bbbae5fb4a7abfe71d4688fd64bff70b91bbd74ef6a99d964bab18f7fdf286dd"
            ],
            "version": "==0.1.12"
        },
        "jinja2": {
            "hashes": [
                "sha256:74c935a1b8bb9a3947c50a54766a969d4846290e1e788ea44c1392163723c3bd",
                "sha256:f84be1bb0040caca4cea721fcbbbbd61f9be9464ca236387158b0feea01914a4"
            ],
            "version": "==2.10"
        },
        "jsonpatch": {
            "hashes": [
                "sha256:11f5ffdf543a83047a2f54ac28f8caad7f34724cb1ea26b27547fd974f1a2153",
                "sha256:404811758da710e58d703adf74f1935c59f8d9450137f971765931083042ee45"
            ],
            "version": "==1.21"
        },
        "jsonpointer": {
            "hashes": [
                "sha256:c192ba86648e05fdae4f08a17ec25180a9aef5008d973407b581798a83975362",
                "sha256:ff379fa021d1b81ab539f5ec467c7745beb1a5671463f9dcc2b2d458bd361c1e"
            ],
            "version": "==2.0"
        },
        "jsonschema": {
            "hashes": [
                "sha256:000e68abd33c972a5248544925a0cae7d1125f9bf6c58280d37546b946769a08",
                "sha256:6ff5f3180870836cae40f06fa10419f557208175f13ad7bc26caa77beb1f6e02"
            ],
            "version": "==2.6.0"
        },
        "keystoneauth1": {
            "hashes": [
                "sha256:5a242ded38cf3f6fb0290ecb24e0db9290507667e520dfa41a129ad769d327ec",
                "sha256:9f1565eb261677e6d726c1323ce8ed8da3e1b0f70e9cee14f094ebd03fbeb328"
            ],
            "version": "==3.4.0"
        },
        "markupsafe": {
            "hashes": [
                "sha256:a6be69091dac236ea9c6bc7d012beab42010fa914c459791d627dad4910eb665"
            ],
            "version": "==1.0"
        },
        "monotonic": {
            "hashes": [
                "sha256:0bcd2b14e3b7ee7cfde796e408176ceffa01d89646f2e532964ef2aae0c9fa3e",
                "sha256:a02611d5b518cd4051bf22d21bd0ae55b3a03f2d2993a19b6c90d9d168691f84"
            ],
            "version": "==1.4"
        },
        "msgpack": {
            "hashes": [
                "sha256:0bae5d1538c5c6a75642f75a1781f3ac2275d744a92af1a453c150da3446138b",
                "sha256:0ee8c8c85aa651be3aa0cd005b5931769eaa658c948ce79428766f1bd46ae2c3",
                "sha256:2ff43e3247a1e11d544017bb26f580a68306cec7a6257d8818893c1fda665f42",
                "sha256:8767eb0032732c3a0da92cbec5ac186ef89a3258c6edca09161472ca0206c45f",
                "sha256:ab189a6365be1860a5ecf8159c248f12d33f79ea799ae9695fa6a29896dcf1d4",
                "sha256:cfd6535feb0f1cf1c7cdb25773e965cc9f92928244a8c3ef6f8f8a8e1f7ae5c4",
                "sha256:e274cd4480d8c76ec467a85a9c6635bbf2258f0649040560382ab58cabb44bcf",
                "sha256:f86642d60dca13e93260187d56c2bef2487aa4d574a669e8ceefcf9f4c26fd00",
                "sha256:f8a57cbda46a94ed0db55b73e6ab0c15e78b4ede8690fa491a0e55128d552bb0"
            ],
            "version": "==0.5.6"
        },
        "multidict": {
            "hashes": [
                "sha256:0462372fc74e4c061335118a4a5992b9a618d6c584b028ef03cf3e9b88a960e2",
                "sha256:068e91060e3e211441b1a31f5e65de88fc346490e1fae583c35a75a5295c8ef7",
                "sha256:0fd4d255adcbab3341d64a2fff5acce23409e57bb94e626485dea3db70ddc35e",
                "sha256:16c78b10e897a512aa34ab1969982e42246e53077ae903c1b334926e1ea832d1",
                "sha256:241c11614f64535e213ea143efa8b7e598793256601fc795e77075bdfa54f5d6",
                "sha256:288e8f94fb6f586e7386c1f22c979ce3ec866ab23371fa8fef1dd526cd4dfde1",
                "sha256:3508bea4974ee30fabcf7c8852fca7d9d54d496eaa068bee8311e0ac4df4ade3",
                "sha256:503ae54582601b0ff647731fee5efcdff5db1f4da0350febb31b628236a5f0b5",
                "sha256:50de6f3786ba868ffb7d78d4bcacf0928321f9892366b2f4a0426bba644e3f25",
                "sha256:608f7eef60e6558418d7da6551dd3d07ccc1290ecc85755d781bd8100322ea5b",
                "sha256:63663541d395ffe4d51a3c021467d0a7b46c965b63fa1646cb46e2e2f1f36415",
                "sha256:65546242d0c481c0daf0ef20c1be81c075fb763c5f4346f18f748b422fc40f32",
                "sha256:6d5f6f26f9025756035c473167b39c5a72e4e519a2286c9399d21f6682e4e5bc",
                "sha256:84a1cb5320f1494cd444ca3bd09ddba2e0af0cb210f9263bcf17357ab22671a1",
                "sha256:93f1af99bbe75c854370460a60823d6726f9af2196818a64346000d02e074ed7",
                "sha256:b46ec31bb7729eaa678a3bb1c999460902df1e295fcc093b9aa5f2c7e68d5803",
                "sha256:cd172509bfc9144395204dd2c0eb305ae5e89f8ad1714ffd7d793607c53c3244",
                "sha256:d99819e9e15e1295a31a757360cab65bc96162870f90c29432564bd8e8999aca",
                "sha256:e04b5bf8581718cf84c1c60bda40221d926ceb06f942ebabfc3baf467a1e34be",
                "sha256:e13265feabb1fa26f9cd49cbafd9b5de70ad768093ddb092af477c9823f44f0e",
                "sha256:ea8a18ea02bf84981ec93faded773a866554666f13955c92139127892c4bb45c",
                "sha256:fb4412490324705dcd2172baa8a3ea58ae23c5f982476805cad58ae929fe2a52"
            ],
            "version": "==4.1.0"
        },
        "netaddr": {
            "hashes": [
                "sha256:38aeec7cdd035081d3a4c306394b19d677623bf76fa0913f6695127c7753aefd",
                "sha256:56b3558bd71f3f6999e4c52e349f38660e54a7a8a9943335f73dfc96883e08ca"
            ],
            "version": "==0.7.19"
        },
        "netifaces": {
            "hashes": [
                "sha256:0c4da523f36d36f1ef92ee183f2512f3ceb9a9d2a45f7d19cda5a42c6689ebe0",
                "sha256:137a77c2e0a68a3e409a532fe73340c3df6a59ffe8eb565ec8b1f0a131402d09",
                "sha256:2245677ee3aa1244bbd0fbf3d6e0158d38b612eba406e7be9639e7efe0371bfa",
                "sha256:337f0fae970ab7a9acf5690516f7c7795f41934350cc1e8ad33c5c0331904ac0",
                "sha256:369eb616a6c844987bd4df486bb5f591aa0d5552378c6831f56ed81cfc228cab",
                "sha256:3b19bf224b3e46c62f5f5e65a9fbd2e9731cda09289c76aca110a3dbdf0c3332",
                "sha256:48275e627ce9220acfed2e1ca1e4cf01f58940412f2aebac7995750b50232701",
                "sha256:4ddf0f329d83516bba096b7eb1ad2ee354a98e2483f89ad3a590e653ece963c8",
                "sha256:563a18f942a9c9f64eed27fe2a1b3dfb5866a440cdaf4d833213798699cc1789",
                "sha256:5a0114933657eebe4985fdf7b0099a27ec75501901000770addca6ad7bd23008",
                "sha256:60f25e5b6d2a682a394c87a6d2bf4d38c8dd8999ee32b955af88ceccaef7fe93",
                "sha256:61fd2706de21aac11475c921ba0fd98af19d5280702a11c5c8e2e910765dc378",
                "sha256:7925add91982cb689963cc28fb8718c006f7713b527d262e32b29b4491cec295",
                "sha256:88d8fa4fcccaca07519141e95b42f52fb650bed2e8f5b29c44e22968b92b7097",
                "sha256:8c3a2c7d573511507f0f29c9d1a28ce1b2a958b8d0d7a1b1966c6fd0fa5d2953",
                "sha256:a0c7c19e1fb62ac6018582f72d15ac056e75c3d2ab222fb25369e7766ed67453",
                "sha256:c455ca29737bf9b298408fd78a48f8fc6ddaa1f50a6eb92d814a8874412c631b",
                "sha256:ef223d45b73cc96c25a6295f471106b3195d2367b7f153e43490673d89e9240e",
                "sha256:f8b352247ae4b6731192d33fd35b27f247e3e4618a2d5cf65de41d46bbb53223"
            ],
            "version": "==0.10.6"
        },
        "oslo.config": {
            "hashes": [
                "sha256:0df7fb5ac4d10fa7f8e75221debac3926e1cb48f0ef2b9bd8b2e09bcba3cae7a",
                "sha256:b11ef869a8ce873dbc9dcdb42a8bfddc38113abac1803c8be730dff69833c60e"
            ],
            "version": "==5.2.0"
        },
        "oslo.i18n": {
            "hashes": [
                "sha256:aa412f35c1160429aedc6a6a5ef5db4aa3aa272602bb7b1432c127150e33203d",
                "sha256:c3cf63c01fa3ff1b5ae7d6445d805c6bf5390ac010725cf126b18eb9086f4c4e"
            ],
            "version": "==3.20.0"
        },
        "oslo.serialization": {
            "hashes": [
                "sha256:3dbcf9655b1549e145abc40f3016b4b147425b082e3fbaf0624682294c6f1a7a",
                "sha256:9563fa6ff64bc0a94f8ad8d2b36c5dda452dfe3ea8bb8a5291ba0355687445c4"
            ],
            "version": "==2.25.0"
        },
        "oslo.utils": {
            "hashes": [
                "sha256:5ec18a8e252fa68a715d6b5faac96b433d8575ef8bcb86efeddce3dd7018757f",
                "sha256:ca07f9e5d37955e9379ebecae54c729ea3bf96b54944e9847be8895bf6c115de"
            ],
            "version": "==3.36.0"
        },
        "pbr": {
            "hashes": [
                "sha256:05f61c71aaefc02d8e37c0a3eeb9815ff526ea28b3b76324769e6158d7f95be1",
                "sha256:60c25b7dfd054ef9bb0ae327af949dd4676aa09ac3a9471cdc871d8a9213f9ac"
            ],
            "version": "==3.1.1"
        },
        "prettytable": {
            "hashes": [
                "sha256:2d5460dc9db74a32bcc8f9f67de68b2c4f4d2f01fa3bd518764c69156d9cacd9",
                "sha256:853c116513625c738dc3ce1aee148b5b5757a86727e67eff6502c7ca59d43c36",
                "sha256:a53da3b43d7a5c229b5e3ca2892ef982c46b7923b51e98f0db49956531211c4f"
            ],
            "version": "==0.7.2"
        },
        "pycparser": {
            "hashes": [
                "sha256:99a8ca03e29851d96616ad0404b4aad7d9ee16f25c9f9708a11faf2810f7b226"
            ],
            "version": "==2.18"
        },
        "pyopenssl": {
            "hashes": [
                "sha256:07a2de1a54de07448732a81e38a55df7da109b2f47f599f8bb35b0cbec69d4bd",
                "sha256:2c10cfba46a52c0b0950118981d61e72c1e5b1aac451ca1bc77de1a679456773"
            ],
            "version": "==17.5.0"
        },
        "pyparsing": {
            "hashes": [
                "sha256:0832bcf47acd283788593e7a0f542407bd9550a55a8a8435214a1960e04bcb04",
                "sha256:281683241b25fe9b80ec9d66017485f6deff1af5cde372469134b56ca8447a07",
                "sha256:8f1e18d3fd36c6795bb7e02a39fd05c611ffc2596c1e0d995d34d67630426c18",
                "sha256:9e8143a3e15c13713506886badd96ca4b579a87fbdf49e550dbfc057d6cb218e",
                "sha256:b8b3117ed9bdf45e14dcc89345ce638ec7e0e29b2b579fa1ecf32ce45ebac8a5",
                "sha256:e4d45427c6e20a59bf4f88c639dcc03ce30d193112047f94012102f235853a58",
                "sha256:fee43f17a9c4087e7ed1605bd6df994c6173c1e977d7ade7b651292fab2bd010"
            ],
            "version": "==2.2.0"
        },
        "python-glanceclient": {
            "hashes": [
                "sha256:8fd6ee403e13e33a6b18c22a2e66feaf00eb490a43cded3e795d84c7a834ca4f",
                "sha256:d19c5507b48d80c7edbb1b14e6c6ec62182a987b4432a1b524cdbcf823424abc"
            ],
            "version": "==2.9.1"
        },
        "python-keystoneclient": {
            "hashes": [
                "sha256:c65fa56791ec02dc942ad08e5c3634b8dca98eda76ee3c2549018b6767e67918",
                "sha256:f30dd06d03f1f85af0cfa18c270e23d2ffd9e776c11c1b534f6ea503e4f31d80"
            ],
            "version": "==3.10.0"
        },
        "python-novaclient": {
            "hashes": [
                "sha256:a7271f05828ff1e44ef7df3de82160efa9647f946a197ea36a77833f51bb547b",
                "sha256:af51238415748738bc67f752dfe39ba6bea3df89e6857f7a297a6acd131f0a57"
            ],
            "version": "==10.0.0"
        },
        "pytz": {
            "hashes": [
                "sha256:07edfc3d4d2705a20a6e99d97f0c4b61c800b8232dc1c04d87e8554f130148dd",
                "sha256:3a47ff71597f821cd84a162e71593004286e5be07a340fd462f0d33a760782b5",
                "sha256:410bcd1d6409026fbaa65d9ed33bf6dd8b1e94a499e32168acfc7b332e4095c0",
                "sha256:5bd55c744e6feaa4d599a6cbd8228b4f8f9ba96de2c38d56f08e534b3c9edf0d",
                "sha256:61242a9abc626379574a166dc0e96a66cd7c3b27fc10868003fa210be4bff1c9",
                "sha256:887ab5e5b32e4d0c86efddd3d055c1f363cbaa583beb8da5e22d2fa2f64d51ef",
                "sha256:ba18e6a243b3625513d85239b3e49055a2f0318466e0b8a92b8fb8ca7ccdf55f",
                "sha256:ed6509d9af298b7995d69a440e2822288f2eca1681b8cce37673dbb10091e5fe",
                "sha256:f93ddcdd6342f94cea379c73cddb5724e0d6d0a1c91c9bdef364dc0368ba4fda"
            ],
            "version": "==2018.3"
        },
        "pyyaml": {
            "hashes": [
                "sha256:0c507b7f74b3d2dd4d1322ec8a94794927305ab4cebbe89cc47fe5e81541e6e8",
                "sha256:16b20e970597e051997d90dc2cddc713a2876c47e3d92d59ee198700c5427736",
                "sha256:3262c96a1ca437e7e4763e2843746588a965426550f3797a79fca9c6199c431f",
                "sha256:326420cbb492172dec84b0f65c80942de6cedb5233c413dd824483989c000608",
                "sha256:4474f8ea030b5127225b8894d626bb66c01cda098d47a2b0d3429b6700af9fd8",
                "sha256:592766c6303207a20efc445587778322d7f73b161bd994f227adaa341ba212ab",
                "sha256:5ac82e411044fb129bae5cfbeb3ba626acb2af31a8d17d175004b70862a741a7",
                "sha256:5f84523c076ad14ff5e6c037fe1c89a7f73a3e04cf0377cb4d017014976433f3",
                "sha256:827dc04b8fa7d07c44de11fabbc888e627fa8293b695e0f99cb544fdfa1bf0d1",
                "sha256:b4c423ab23291d3945ac61346feeb9a0dc4184999ede5e7c43e1ffb975130ae6",
                "sha256:bc6bced57f826ca7cb5125a10b23fd0f2fff3b7c4701d64c439a300ce665fff8",
                "sha256:c01b880ec30b5a6e6aa67b09a2fe3fb30473008c85cd6a67359a1b15ed6d83a4",
                "sha256:ca233c64c6e40eaa6c66ef97058cdc80e8d0157a443655baa1b2966e812807ca",
                "sha256:e863072cdf4c72eebf179342c94e6989c67185842d9997960b3e69290b2fa269"
            ],
            "version": "==3.12"
        },
        "requests": {
            "hashes": [
                "sha256:6a1b267aa90cac58ac3a765d067950e7dbbf75b1da07e895d1f594193a40a38b",
                "sha256:9c443e7324ba5b85070c4a818ade28bfabedf16ea10206da1132edaa6dda237e"
            ],
            "version": "==2.18.4"
        },
        "rfc3986": {
            "hashes": [
                "sha256:632b8fcd2ac37f24334316227f909be4f9d0738cbf409404cff6fa5f69a24093",
                "sha256:8458571c4c57e1cf23593ad860bb601b6a604df6217f829c2bc70dc4b5af941b"
            ],
            "version": "==1.1.0"
        },
        "simplejson": {
            "hashes": [
                "sha256:06b69946903ffd593d45624bdc354c1b857c2b1690ed2112df88d0e4e0294b06",
                "sha256:194fa08e4047f16e7087f2a406abd15151a482a097e42d8babb1b8181b2232b1",
                "sha256:1c9c13077560b8c0404c38d8e385d9e171aa8aec2a9b3139ded315a4c5ffc4d8",
                "sha256:26f70a009c70866a07c43e25d6d9a1fb027ecef110a6c93cc8aec04ddf2ad05f",
                "sha256:335d2a6afdd3a31f4ef210b46e6824848491c969f4b3a655d1864f655d57c5d3",
                "sha256:43dc3082f3a8fd5bb0c80df5a8ab96d81eafeca701615aaa0b01910b1869e678",
                "sha256:44a7e0e117032666d37bcfa42161c7eb27c6ed9100d260e5b25751a6d8d7a2e8",
                "sha256:4c4ecf20e054716cc1e5a81cadc44d3f4027108d8dd0861d8b1e3bd7a32d4f0a",
                "sha256:5539547ba11f4affcdc4890cc85bfdd3f2d7186042d91e9340add98699cc3d50",
                "sha256:6560b68e98aba17afa4e898aab21d06d549738267dbe4d0981a24b4c1db66368",
                "sha256:6cf42bc495f7e3fd25e92912a22f47e439f3a809814103a1b727d373f758915a",
                "sha256:b2e64d1695bcd0d916e8633ab12179bde8d96e8cbd18d9d0c3020409cfaf8091",
                "sha256:b4967af248c1fde0b184d81b2aa9646d96a400342d26f837e772a1dcb11cdc10",
                "sha256:c1347a0d6e90d4a0fd67514c8691346c5cd1ee6039415eba97690f4b5d594915",
                "sha256:c62045146474c41c5b9e4c758873b3b2872b3e0fefd2b87de3f08292c370fce6",
                "sha256:c64c9972a847b5de9a47f5e3a06b280ee3301ac83089cc9d7ea922f7cea5954c",
                "sha256:cf669980df3a6db918e69920df3eaf52901aa4c007287070a8b6e0da811cd2a2",
                "sha256:e95f107de632ae6effa6915f194f2c282db592b9aa449070a5f9c065c478ec47",
                "sha256:ec0d482b9d28c123a2c6ccfa5341d47734b1dee2d61a655a99f26ef9c0080ce7",
                "sha256:ec7b08ffefae94b2c0a85df4ec17e3ada8f9f2bfae18e8b6812ece366917d0c5",
                "sha256:ef822f66d932a7ced43844a4684d7bd24c4cc7ebe8030ee7277cf7c033e58a13"
            ],
            "version": "==3.13.2"
        },
        "six": {
            "hashes": [
                "sha256:70e8a77beed4562e7f14fe23a786b54f6296e34344c23bc42f07b15018ff98e9",
                "sha256:832dc0e10feb1aa2c68dcc57dbb658f1c7e65b9b61af69048abc87a2db00a0eb"
            ],
            "version": "==1.11.0"
        },
        "stevedore": {
            "hashes": [
                "sha256:e3d96b2c4e882ec0c1ff95eaebf7b575a779fd0ccb4c741b9832bed410d58b3d",
                "sha256:f1c7518e7b160336040fee272174f1f7b29a46febb3632502a8f2055f973d60b"
            ],
            "version": "==1.28.0"
        },
        "urllib3": {
            "hashes": [
                "sha256:06330f386d6e4b195fbfc736b297f58c5a892e4440e54d294d7004e3a9bbea1b",
                "sha256:cc44da8e1145637334317feebd728bd869a35285b93cbb4cca2577da7e62db4f"
            ],
            "version": "==1.22"
        },
        "vmshepherd": {
            "hashes": [
                "sha256:ef4478267c82f4f2d0a4e21e2fdd617edd8bd8ffcca9c3974379a5a29c624771"
            ],
            "index": "pypi",
            "version": "==0.6.0"
        },
        "warlock": {
            "hashes": [
                "sha256:d7403f728fce67ee2f22f3d7fa09c9de0bc95c3e7bcf6005b9c1962b77976a06"
            ],
            "version": "==1.3.0"
        },
        "wrapt": {
            "hashes": [
                "sha256:d4d560d479f2c21e1b5443bbd15fe7ec4b37fe7e53d335d3b9b0a7b1226fe3c6"
            ],
            "version": "==1.10.11"
        },
        "yarl": {
            "hashes": [
                "sha256:045dbba18c9142278113d5dc62622978a6f718ba662392d406141c59b540c514",
                "sha256:17e57a495efea42bcfca08b49e16c6d89e003acd54c99c903ea1cb3de0ba1248",
                "sha256:213e8f54b4a942532d6ac32314c69a147d3b82fa1725ca05061b7c1a19a1d9b1",
                "sha256:3353fae45d93cc3e7e41bfcb1b633acc37db821d368e660b03068dbfcf68f8c8",
                "sha256:51a084ff8756811101f8b5031a14d1c2dd26c666976e1b18579c6b1c8761a102",
                "sha256:5580f22ac1298261cd24e8e584180d83e2cca9a6167113466d2d16cb2aa1f7b1",
                "sha256:64727a2593fdba5d6ef69e94eba793a196deeda7152c7bd3a64edda6b1f95f6e",
                "sha256:6e75753065c310befab71c5077a59b7cb638d2146b1cfbb1c3b8f08b51362714",
                "sha256:7236eba4911a5556b497235828e7a4bc5d90957efa63b7c4b3e744d2d2cf1b94",
                "sha256:a69dd7e262cdb265ac7d5e929d55f2f3d07baaadd158c8f19caebf8dde08dfe8",
                "sha256:d9ca55a5a297408f08e5401c23ad22bd9f580dab899212f0d5dc1830f0909404",
                "sha256:e072edbd1c5628c0b8f97d00cf6c9fcd6a4ee2b5ded10d463fcb6eaa066cf40c",
                "sha256:e9a6a319c4bbfb57618f207e86a7c519ab0f637be3d2366e4cdac271577834b8"
            ],
            "version": "==1.1.1"
        }
    },
    "develop": {}
}
